
Microsoft Visual Studio Solution File, Format Version 12.00
# Visual Studio Version 16
VisualStudioVersion = 16.0.32106.194
MinimumVisualStudioVersion = 10.0.40219.1
Project("{FAE04EC0-301F-11D3-BF4B-00C04F79EFBC}") = "TK_Series_Sample_program_ENG", "TK_Series_Sample_program_ENG\TK_Series_Sample_program_ENG.csproj", "{6FA38546-8048-4337-AA5A-3DA97A1D1D38}"
EndProject
Global
	GlobalSection(SolutionConfigurationPlatforms) = preSolution
		Debug|Any CPU = Debug|Any CPU
		Release|Any CPU = Release|Any CPU
	EndGlobalSection
	GlobalSection(ProjectConfigurationPlatforms) = postSolution
		{6FA38546-8048-4337-AA5A-3DA97A1D1D38}.Debug|Any CPU.ActiveCfg = Debug|Any CPU
		{6FA38546-8048-4337-AA5A-3DA97A1D1D38}.Debug|Any CPU.Build.0 = Debug|Any CPU
		{6FA38546-8048-4337-AA5A-3DA97A1D1D38}.Release|Any CPU.ActiveCfg = Release|Any CPU
		{6FA38546-8048-4337-AA5A-3DA97A1D1D38}.Release|Any CPU.Build.0 = Release|Any CPU
	EndGlobalSection
	GlobalSection(SolutionProperties) = preSolution
		HideSolutionNode = FALSE
	EndGlobalSection
	GlobalSection(ExtensibilityGlobals) = postSolution
		SolutionGuid = {691B2F7E-87E5-4B8C-A22A-5721A177338A}
	EndGlobalSection
EndGlobal
